
Microsoft Visual Studio Solution File, Format Version 12.00
# Visual Studio Version 17
VisualStudioVersion = 17.7.34031.279
MinimumVisualStudioVersion = 10.0.40219.1
Project("{FAE04EC0-301F-11D3-BF4B-00C04F79EFBC}") = "VideoManagerAPI", "VideoManagerAPI.csproj", "{937F3802-E18B-4985-AFBD-504173BE6635}"
EndProject
Global
	GlobalSection(SolutionConfigurationPlatforms) = preSolution
		Debug|Any CPU = Debug|Any CPU
		Release|Any CPU = Release|Any CPU
	EndGlobalSection
	GlobalSection(ProjectConfigurationPlatforms) = postSolution
		{937F3802-E18B-4985-AFBD-504173BE6635}.Debug|Any CPU.ActiveCfg = Debug|Any CPU
		{937F3802-E18B-4985-AFBD-504173BE6635}.Debug|Any CPU.Build.0 = Debug|Any CPU
		{937F3802-E18B-4985-AFBD-504173BE6635}.Release|Any CPU.ActiveCfg = Release|Any CPU
		{937F3802-E18B-4985-AFBD-504173BE6635}.Release|Any CPU.Build.0 = Release|Any CPU
	EndGlobalSection
	GlobalSection(SolutionProperties) = preSolution
		HideSolutionNode = FALSE
	EndGlobalSection
	GlobalSection(ExtensibilityGlobals) = postSolution
		SolutionGuid = {10B233A7-FC2F-4748-8BE3-44A34BBE6B04}
	EndGlobalSection
EndGlobal
